
Microsoft Visual Studio Solution File, Format Version 11.00
# Visual Studio 2010
Project("{E24C65DC-7377-472B-9ABA-BC803B73C61A}") = "ARS", "ARS\", "{87AF4227-AB06-42D8-9A1D-B24DA304D3F0}"
	ProjectSection(WebsiteProperties) = preProject
		TargetFrameworkMoniker = ".NETFramework,Version%3Dv4.0"
		Debug.AspNetCompiler.VirtualPath = "/ARS"
		Debug.AspNetCompiler.PhysicalPath = "ARS\"
		Debug.AspNetCompiler.TargetPath = "PrecompiledWeb\ARS\"
		Debug.AspNetCompiler.Updateable = "true"
		Debug.AspNetCompiler.ForceOverwrite = "true"
		Debug.AspNetCompiler.FixedNames = "false"
		Debug.AspNetCompiler.Debug = "True"
		Release.AspNetCompiler.VirtualPath = "/ARS"
		Release.AspNetCompiler.PhysicalPath = "ARS\"
		Release.AspNetCompiler.TargetPath = "PrecompiledWeb\ARS\"
		Release.AspNetCompiler.Updateable = "true"
		Release.AspNetCompiler.ForceOverwrite = "true"
		Release.AspNetCompiler.FixedNames = "false"
		Release.AspNetCompiler.Debug = "False"
		VWDPort = "10434"
		DefaultWebSiteLanguage = "Visual C#"
	EndProjectSection
EndProject
Project("{FAE04EC0-301F-11D3-BF4B-00C04F79EFBC}") = "Business.Object", "Business.Object\Business.Object.csproj", "{36C82F61-97A6-4261-9175-C6DE044564E1}"
EndProject
Project("{FAE04EC0-301F-11D3-BF4B-00C04F79EFBC}") = "Business.Logic", "Business.Logic\Business.Logic.csproj", "{848A2ACB-A223-417B-805D-C7A23DD39729}"
EndProject
Project("{FAE04EC0-301F-11D3-BF4B-00C04F79EFBC}") = "DataAccess.Layer", "DataAccess.Layer\DataAccess.Layer.csproj", "{7F607EC9-18F2-4757-9820-8F4657C7A7B6}"
EndProject
Global
	GlobalSection(SolutionConfigurationPlatforms) = preSolution
		Debug|Any CPU = Debug|Any CPU
		Release|Any CPU = Release|Any CPU
	EndGlobalSection
	GlobalSection(ProjectConfigurationPlatforms) = postSolution
		{87AF4227-AB06-42D8-9A1D-B24DA304D3F0}.Debug|Any CPU.ActiveCfg = Debug|Any CPU
		{87AF4227-AB06-42D8-9A1D-B24DA304D3F0}.Debug|Any CPU.Build.0 = Debug|Any CPU
		{87AF4227-AB06-42D8-9A1D-B24DA304D3F0}.Release|Any CPU.ActiveCfg = Debug|Any CPU
		{87AF4227-AB06-42D8-9A1D-B24DA304D3F0}.Release|Any CPU.Build.0 = Debug|Any CPU
		{36C82F61-97A6-4261-9175-C6DE044564E1}.Debug|Any CPU.ActiveCfg = Debug|Any CPU
		{36C82F61-97A6-4261-9175-C6DE044564E1}.Debug|Any CPU.Build.0 = Debug|Any CPU
		{36C82F61-97A6-4261-9175-C6DE044564E1}.Release|Any CPU.ActiveCfg = Release|Any CPU
		{36C82F61-97A6-4261-9175-C6DE044564E1}.Release|Any CPU.Build.0 = Release|Any CPU
		{848A2ACB-A223-417B-805D-C7A23DD39729}.Debug|Any CPU.ActiveCfg = Debug|Any CPU
		{848A2ACB-A223-417B-805D-C7A23DD39729}.Debug|Any CPU.Build.0 = Debug|Any CPU
		{848A2ACB-A223-417B-805D-C7A23DD39729}.Release|Any CPU.ActiveCfg = Release|Any CPU
		{848A2ACB-A223-417B-805D-C7A23DD39729}.Release|Any CPU.Build.0 = Release|Any CPU
		{7F607EC9-18F2-4757-9820-8F4657C7A7B6}.Debug|Any CPU.ActiveCfg = Debug|Any CPU
		{7F607EC9-18F2-4757-9820-8F4657C7A7B6}.Debug|Any CPU.Build.0 = Debug|Any CPU
		{7F607EC9-18F2-4757-9820-8F4657C7A7B6}.Release|Any CPU.ActiveCfg = Release|Any CPU
		{7F607EC9-18F2-4757-9820-8F4657C7A7B6}.Release|Any CPU.Build.0 = Release|Any CPU
	EndGlobalSection
	GlobalSection(SolutionProperties) = preSolution
		HideSolutionNode = FALSE
	EndGlobalSection
EndGlobal
